
Microsoft Visual Studio Solution File, Format Version 12.00
# Visual Studio Version 17
VisualStudioVersion = 17.3.32811.315
MinimumVisualStudioVersion = 10.0.40219.1
Project("{FAE04EC0-301F-11D3-BF4B-00C04F79EFBC}") = "FNLauncher", "FNLauncher\FNLauncher.csproj", "{BCB7CCFF-1FD7-406F-A696-3BE6AA89D31C}"
EndProject
Global
	GlobalSection(SolutionConfigurationPlatforms) = preSolution
		Debug|Any CPU = Debug|Any CPU
		Release|Any CPU = Release|Any CPU
	EndGlobalSection
	GlobalSection(ProjectConfigurationPlatforms) = postSolution
		{BCB7CCFF-1FD7-406F-A696-3BE6AA89D31C}.Debug|Any CPU.ActiveCfg = Debug|Any CPU
		{BCB7CCFF-1FD7-406F-A696-3BE6AA89D31C}.Debug|Any CPU.Build.0 = Debug|Any CPU
		{BCB7CCFF-1FD7-406F-A696-3BE6AA89D31C}.Release|Any CPU.ActiveCfg = Release|Any CPU
		{BCB7CCFF-1FD7-406F-A696-3BE6AA89D31C}.Release|Any CPU.Build.0 = Release|Any CPU
	EndGlobalSection
	GlobalSection(SolutionProperties) = preSolution
		HideSolutionNode = FALSE
	EndGlobalSection
	GlobalSection(ExtensibilityGlobals) = postSolution
		SolutionGuid = {B18E8757-5605-4C68-85F9-A3B7A8DE6B09}
	EndGlobalSection
EndGlobal
